
Microsoft Visual Studio Solution File, Format Version 12.00
# Visual Studio Version 16
VisualStudioVersion = 16.0.31911.196
MinimumVisualStudioVersion = 10.0.40219.1
Project("{FAE04EC0-301F-11D3-BF4B-00C04F79EFBC}") = "CNB.Interview.Q3A.Utility", "CNB.Interview.Q3A.Utility\CNB.Interview.Q3A.Utility.csproj", "{EF1DDEE9-16EA-4C03-B9A8-43F33A1E4F30}"
EndProject
Project("{FAE04EC0-301F-11D3-BF4B-00C04F79EFBC}") = "CNB.Interview.Q3B.Test", "CNB.Interview.Q3B.Test\CNB.Interview.Q3B.Test.csproj", "{03376421-AAE3-41B9-BADC-59AFB17D085F}"
EndProject
Global
	GlobalSection(SolutionConfigurationPlatforms) = preSolution
		Debug|Any CPU = Debug|Any CPU
		Release|Any CPU = Release|Any CPU
	EndGlobalSection
	GlobalSection(ProjectConfigurationPlatforms) = postSolution
		{EF1DDEE9-16EA-4C03-B9A8-43F33A1E4F30}.Debug|Any CPU.ActiveCfg = Debug|Any CPU
		{EF1DDEE9-16EA-4C03-B9A8-43F33A1E4F30}.Debug|Any CPU.Build.0 = Debug|Any CPU
		{EF1DDEE9-16EA-4C03-B9A8-43F33A1E4F30}.Release|Any CPU.ActiveCfg = Release|Any CPU
		{EF1DDEE9-16EA-4C03-B9A8-43F33A1E4F30}.Release|Any CPU.Build.0 = Release|Any CPU
		{03376421-AAE3-41B9-BADC-59AFB17D085F}.Debug|Any CPU.ActiveCfg = Debug|Any CPU
		{03376421-AAE3-41B9-BADC-59AFB17D085F}.Debug|Any CPU.Build.0 = Debug|Any CPU
		{03376421-AAE3-41B9-BADC-59AFB17D085F}.Release|Any CPU.ActiveCfg = Release|Any CPU
		{03376421-AAE3-41B9-BADC-59AFB17D085F}.Release|Any CPU.Build.0 = Release|Any CPU
	EndGlobalSection
	GlobalSection(SolutionProperties) = preSolution
		HideSolutionNode = FALSE
	EndGlobalSection
	GlobalSection(ExtensibilityGlobals) = postSolution
		SolutionGuid = {47E93F5A-99BF-4FC4-AC38-BFDB8BCDEAE9}
	EndGlobalSection
EndGlobal
